
Microsoft Visual Studio Solution File, Format Version 12.00
# Visual Studio 15
VisualStudioVersion = 15.0.28307.489
MinimumVisualStudioVersion = 10.0.40219.1
Project("{FAE04EC0-301F-11D3-BF4B-00C04F79EFBC}") = "SingletonPattern", "SingletonPattern\SingletonPattern.csproj", "{420765E9-6712-45A0-BBDC-0A583029FC5B}"
EndProject
Global
	GlobalSection(SolutionConfigurationPlatforms) = preSolution
		Debug|Any CPU = Debug|Any CPU
		Release|Any CPU = Release|Any CPU
	EndGlobalSection
	GlobalSection(ProjectConfigurationPlatforms) = postSolution
		{420765E9-6712-45A0-BBDC-0A583029FC5B}.Debug|Any CPU.ActiveCfg = Debug|Any CPU
		{420765E9-6712-45A0-BBDC-0A583029FC5B}.Debug|Any CPU.Build.0 = Debug|Any CPU
		{420765E9-6712-45A0-BBDC-0A583029FC5B}.Release|Any CPU.ActiveCfg = Release|Any CPU
		{420765E9-6712-45A0-BBDC-0A583029FC5B}.Release|Any CPU.Build.0 = Release|Any CPU
	EndGlobalSection
	GlobalSection(SolutionProperties) = preSolution
		HideSolutionNode = FALSE
	EndGlobalSection
	GlobalSection(ExtensibilityGlobals) = postSolution
		SolutionGuid = {908EBDE5-DBF9-48AD-9C68-E0680BB69EA1}
	EndGlobalSection
EndGlobal
