
Microsoft Visual Studio Solution File, Format Version 12.00
# Visual Studio 15
VisualStudioVersion = 15.0.28307.489
MinimumVisualStudioVersion = 10.0.40219.1
Project("{FAE04EC0-301F-11D3-BF4B-00C04F79EFBC}") = "Strategy", "Strategy-State-Template-Desing-Pattern\Strategy.csproj", "{37CCAF6C-4AD4-40E0-8599-C699AEAFBD89}"
EndProject
Project("{FAE04EC0-301F-11D3-BF4B-00C04F79EFBC}") = "Template", "Template\Template.csproj", "{D60B61DE-43AF-4E0D-ACAA-9E8E6789DFCE}"
EndProject
Project("{FAE04EC0-301F-11D3-BF4B-00C04F79EFBC}") = "State", "State\State.csproj", "{4F4D9A5E-22AD-4829-9CED-D68D03DBC73F}"
EndProject
Global
	GlobalSection(SolutionConfigurationPlatforms) = preSolution
		Debug|Any CPU = Debug|Any CPU
		Release|Any CPU = Release|Any CPU
	EndGlobalSection
	GlobalSection(ProjectConfigurationPlatforms) = postSolution
		{37CCAF6C-4AD4-40E0-8599-C699AEAFBD89}.Debug|Any CPU.ActiveCfg = Debug|Any CPU
		{37CCAF6C-4AD4-40E0-8599-C699AEAFBD89}.Debug|Any CPU.Build.0 = Debug|Any CPU
		{37CCAF6C-4AD4-40E0-8599-C699AEAFBD89}.Release|Any CPU.ActiveCfg = Release|Any CPU
		{37CCAF6C-4AD4-40E0-8599-C699AEAFBD89}.Release|Any CPU.Build.0 = Release|Any CPU
		{D60B61DE-43AF-4E0D-ACAA-9E8E6789DFCE}.Debug|Any CPU.ActiveCfg = Debug|Any CPU
		{D60B61DE-43AF-4E0D-ACAA-9E8E6789DFCE}.Debug|Any CPU.Build.0 = Debug|Any CPU
		{D60B61DE-43AF-4E0D-ACAA-9E8E6789DFCE}.Release|Any CPU.ActiveCfg = Release|Any CPU
		{D60B61DE-43AF-4E0D-ACAA-9E8E6789DFCE}.Release|Any CPU.Build.0 = Release|Any CPU
		{4F4D9A5E-22AD-4829-9CED-D68D03DBC73F}.Debug|Any CPU.ActiveCfg = Debug|Any CPU
		{4F4D9A5E-22AD-4829-9CED-D68D03DBC73F}.Debug|Any CPU.Build.0 = Debug|Any CPU
		{4F4D9A5E-22AD-4829-9CED-D68D03DBC73F}.Release|Any CPU.ActiveCfg = Release|Any CPU
		{4F4D9A5E-22AD-4829-9CED-D68D03DBC73F}.Release|Any CPU.Build.0 = Release|Any CPU
	EndGlobalSection
	GlobalSection(SolutionProperties) = preSolution
		HideSolutionNode = FALSE
	EndGlobalSection
	GlobalSection(ExtensibilityGlobals) = postSolution
		SolutionGuid = {BBCDB13A-0B8E-4AC9-B252-E6A4D3956BE6}
	EndGlobalSection
EndGlobal
